
Microsoft Visual Studio Solution File, Format Version 12.00
# Visual Studio Version 16
VisualStudioVersion = 16.0.30114.105
MinimumVisualStudioVersion = 10.0.40219.1
Project("{2150E333-8FDC-42A3-9474-1A3956D46DE8}") = "src", "src", "{F16C5BA0-83D1-4413-971D-F1C24ADC9BEC}"
EndProject
Project("{FAE04EC0-301F-11D3-BF4B-00C04F79EFBC}") = "customserilog.host", "src\customserilog.host\customserilog.host.csproj", "{703B42CF-FF1D-4777-ADE6-D25DA57E4D40}"
EndProject
Project("{FAE04EC0-301F-11D3-BF4B-00C04F79EFBC}") = "customserilog.enrichers", "src\customserilog.enrichers\customserilog.enrichers.csproj", "{B781F856-2170-41BC-86C5-7787409C91C5}"
EndProject
Global
	GlobalSection(SolutionConfigurationPlatforms) = preSolution
		Debug|Any CPU = Debug|Any CPU
		Release|Any CPU = Release|Any CPU
	EndGlobalSection
	GlobalSection(SolutionProperties) = preSolution
		HideSolutionNode = FALSE
	EndGlobalSection
	GlobalSection(ProjectConfigurationPlatforms) = postSolution
		{703B42CF-FF1D-4777-ADE6-D25DA57E4D40}.Debug|Any CPU.ActiveCfg = Debug|Any CPU
		{703B42CF-FF1D-4777-ADE6-D25DA57E4D40}.Debug|Any CPU.Build.0 = Debug|Any CPU
		{703B42CF-FF1D-4777-ADE6-D25DA57E4D40}.Release|Any CPU.ActiveCfg = Release|Any CPU
		{703B42CF-FF1D-4777-ADE6-D25DA57E4D40}.Release|Any CPU.Build.0 = Release|Any CPU
		{B781F856-2170-41BC-86C5-7787409C91C5}.Debug|Any CPU.ActiveCfg = Debug|Any CPU
		{B781F856-2170-41BC-86C5-7787409C91C5}.Debug|Any CPU.Build.0 = Debug|Any CPU
		{B781F856-2170-41BC-86C5-7787409C91C5}.Release|Any CPU.ActiveCfg = Release|Any CPU
		{B781F856-2170-41BC-86C5-7787409C91C5}.Release|Any CPU.Build.0 = Release|Any CPU
	EndGlobalSection
	GlobalSection(NestedProjects) = preSolution
		{703B42CF-FF1D-4777-ADE6-D25DA57E4D40} = {F16C5BA0-83D1-4413-971D-F1C24ADC9BEC}
		{B781F856-2170-41BC-86C5-7787409C91C5} = {F16C5BA0-83D1-4413-971D-F1C24ADC9BEC}
	EndGlobalSection
EndGlobal
